hash: 3b5b5b632cd2e572be532d896bbd7dc0024d48ccb40b33ee057e3e786caedef0
updated: 2016-12-30T14:44:19.482542348+01:00
imports:
- name: github.com/dimfeld/httptreemux
  version: e26f30cd88e1dd9707cb61d74fa5ee6b444fdb85
- name: github.com/italolelis/hanu
  version: a62085e360190434ac2b0ce4dd89af7f58904b0d
- name: github.com/justinas/alice
  version: 052b8b6c18edb9db317af86806d8e00ebaa94160
- name: github.com/kelseyhightower/envconfig
  version: 9aca109c9aec4633fced9717c4a09ecab3d33111
- name: github.com/nlopes/slack
  version: e595e9d8590a04ff76407e4e7d1791d25b095c66
- name: github.com/sbstjn/allot
  version: 1f2349af5ccd74c1a8d8fe4d1bf688645b628321
- name: github.com/Sirupsen/logrus
  version: d26492970760ca5d33129d2d799e34be5c4782eb
- name: golang.org/x/net
  version: 07b51741c1d6423d4a6abab1c49940ec09cb1aaf
  subpackages:
  - websocket
- name: golang.org/x/sys
  version: a408501be4d17ee978c04a618e7a1b22af058c0e
  subpackages:
  - unix
testImports:
- name: github.com/stretchr/testify
  version: 69483b4bd14f5845b5a1e55bca19e954e827f1d0
  subpackages:
  - assert
