hash: d1705e66988eead17cf3edf77ad99df803f58bde85743e3a53f3c991c5f7c174
updated: 2016-12-30T19:35:52.305493115+01:00
imports:
- name: github.com/italolelis/hanu
  version: e8d4f31be1baad3d12c252f7a9fc36ca2241a7ba
- name: github.com/kelseyhightower/envconfig
  version: 9aca109c9aec4633fced9717c4a09ecab3d33111
- name: github.com/nlopes/slack
  version: e595e9d8590a04ff76407e4e7d1791d25b095c66
- name: github.com/sbstjn/allot
  version: 1f2349af5ccd74c1a8d8fe4d1bf688645b628321
- name: github.com/Sirupsen/logrus
  version: d26492970760ca5d33129d2d799e34be5c4782eb
- name: golang.org/x/net
  version: 07b51741c1d6423d4a6abab1c49940ec09cb1aaf
  subpackages:
  - websocket
- name: golang.org/x/sys
  version: a408501be4d17ee978c04a618e7a1b22af058c0e
  subpackages:
  - unix
testImports:
- name: github.com/stretchr/testify
  version: 69483b4bd14f5845b5a1e55bca19e954e827f1d0
  subpackages:
  - assert
